{
    "_readme": [
        "This file locks the dependencies of your project to a known state",
        "Read more about it at https://getcomposer.org/doc/01-basic-usage.md#composer-lock-the-lock-file",
        "This file is @generated automatically"
    ],
    "content-hash": "7edd8686a29fe624c0c696d719a04fab",
    "packages": [
        {
            "name": "php-http/httplug",
            "version": "2.1.0",
            "source": {
                "type": "git",
                "url": "https://github.com/php-http/httplug.git",
                "reference": "72d2b129a48f0490d55b7f89be0d6aa0597ffb06"
            },
            "dist": {
                "type": "zip",
                "url": "https://api.github.com/repos/php-http/httplug/zipball/72d2b129a48f0490d55b7f89be0d6aa0597ffb06",
                "reference": "72d2b129a48f0490d55b7f89be0d6aa0597ffb06",
                "shasum": ""
            },
            "require": {
                "php": "^7.0",
                "php-http/promise": "^1.0",
                "psr/http-client": "^1.0",
                "psr/http-message": "^1.0"
            },
            "require-dev": {
                "friends-of-phpspec/phpspec-code-coverage": "^4.1",
                "phpspec/phpspec": "^4.3.4|^5.0|^6.0"
            },
            "type": "library",
            "extra": {
                "branch-alias": {
                    "dev-master": "2.x-dev"
                }
            },
            "autoload": {
                "psr-4": {
                    "Http\\Client\\": "src/"
                }
            },
            "notification-url": "https://packagist.org/downloads/",
            "license": [
                "MIT"
            ],
            "authors": [
                {
                    "name": "Eric GELOEN",
                    "email": "geloen.eric@gmail.com"
                },
                {
                    "name": "Márk Sági-Kazár",
                    "email": "mark.sagikazar@gmail.com"
                }
            ],
            "description": "HTTPlug, the HTTP client abstraction for PHP",
            "homepage": "http://httplug.io",
            "keywords": [
                "client",
                "http"
            ],
            "time": "2019-12-27T10:07:11+00:00"
        },
        {
            "name": "php-http/promise",
            "version": "v1.0.0",
            "source": {
                "type": "git",
                "url": "https://github.com/php-http/promise.git",
                "reference": "dc494cdc9d7160b9a09bd5573272195242ce7980"
            },
            "dist": {
                "type": "zip",
                "url": "https://api.github.com/repos/php-http/promise/zipball/dc494cdc9d7160b9a09bd5573272195242ce7980",
                "reference": "dc494cdc9d7160b9a09bd5573272195242ce7980",
                "shasum": ""
            },
            "require-dev": {
                "henrikbjorn/phpspec-code-coverage": "^1.0",
                "phpspec/phpspec": "^2.4"
            },
            "type": "library",
            "extra": {
                "branch-alias": {
                    "dev-master": "1.1-dev"
                }
            },
            "autoload": {
                "psr-4": {
                    "Http\\Promise\\": "src/"
                }
            },
            "notification-url": "https://packagist.org/downloads/",
            "license": [
                "MIT"
            ],
            "authors": [
                {
                    "name": "Márk Sági-Kazár",
                    "email": "mark.sagikazar@gmail.com"
                },
                {
                    "name": "Joel Wurtz",
                    "email": "joel.wurtz@gmail.com"
                }
            ],
            "description": "Promise used for asynchronous HTTP requests",
            "homepage": "http://httplug.io",
            "keywords": [
                "promise"
            ],
            "time": "2016-01-26T13:27:02+00:00"
        },
        {
            "name": "phpgt/cookie",
            "version": "v1.0.2",
            "source": {
                "type": "git",
                "url": "https://github.com/PhpGt/Cookie.git",
                "reference": "dd811b6f04becc7c1f8524d84ad02e4635f4a94e"
            },
            "dist": {
                "type": "zip",
                "url": "https://api.github.com/repos/PhpGt/Cookie/zipball/dd811b6f04becc7c1f8524d84ad02e4635f4a94e",
                "reference": "dd811b6f04becc7c1f8524d84ad02e4635f4a94e",
                "shasum": ""
            },
            "require": {
                "php": ">=7.2"
            },
            "require-dev": {
                "phpunit/phpunit": "8.*"
            },
            "type": "library",
            "autoload": {
                "psr-4": {
                    "Gt\\Cookie\\": "./src"
                }
            },
            "notification-url": "https://packagist.org/downloads/",
            "license": [
                "MIT"
            ],
            "authors": [
                {
                    "name": "Greg Bowler",
                    "email": "greg.bowler@g105b.com"
                }
            ],
            "description": "Object oriented cookie handler.",
            "time": "2019-07-17T20:11:11+00:00"
        },
        {
            "name": "phpgt/curl",
            "version": "v3.0.3",
            "source": {
                "type": "git",
                "url": "https://github.com/PhpGt/Curl.git",
                "reference": "8e9444706cc1b3ce557d1943d579654458e6fbf8"
            },
            "dist": {
                "type": "zip",
                "url": "https://api.github.com/repos/PhpGt/Curl/zipball/8e9444706cc1b3ce557d1943d579654458e6fbf8",
                "reference": "8e9444706cc1b3ce557d1943d579654458e6fbf8",
                "shasum": ""
            },
            "require": {
                "ext-curl": "*",
                "ext-json": "*",
                "php": ">=7.2.0"
            },
            "require-dev": {
                "phpunit/phpunit": "8.*"
            },
            "type": "library",
            "autoload": {
                "psr-4": {
                    "Gt\\Curl\\": "./src"
                }
            },
            "notification-url": "https://packagist.org/downloads/",
            "license": [
                "MIT"
            ],
            "authors": [
                {
                    "name": "Greg Bowler",
                    "email": "greg.bowler@g105b.com"
                }
            ],
            "description": "cURL object wrapper.",
            "keywords": [
                "curl",
                "curl_multi",
                "http",
                "interface"
            ],
            "time": "2019-06-20T08:40:28+00:00"
        },
        {
            "name": "phpgt/fetch",
            "version": "v1.0.0",
            "source": {
                "type": "git",
                "url": "https://github.com/PhpGt/Fetch.git",
                "reference": "85aff9beb7866fa47e120046342edf9d07b52d9b"
            },
            "dist": {
                "type": "zip",
                "url": "https://api.github.com/repos/PhpGt/Fetch/zipball/85aff9beb7866fa47e120046342edf9d07b52d9b",
                "reference": "85aff9beb7866fa47e120046342edf9d07b52d9b",
                "shasum": ""
            },
            "require": {
                "ext-curl": "*",
                "ext-json": "*",
                "php": ">=7.2",
                "php-http/httplug": "^2.0",
                "phpgt/curl": "*",
                "phpgt/http": "*",
                "react/event-loop": "^1.0",
                "react/promise": "2.*"
            },
            "provide": {
                "php-http/async-client-implementation": "1.0",
                "php-http/client-implementation": "1.0"
            },
            "require-dev": {
                "phpunit/phpunit": "8.*"
            },
            "type": "library",
            "autoload": {
                "psr-4": {
                    "Gt\\Fetch\\": "./src"
                }
            },
            "notification-url": "https://packagist.org/downloads/",
            "license": [
                "MIT"
            ],
            "authors": [
                {
                    "name": "Greg Bowler",
                    "email": "greg.bowler@g105b.com"
                }
            ],
            "description": "Asynchronous HTTP client with promises for PHP 7 applications.",
            "keywords": [
                "ajax",
                "async",
                "asynchronous",
                "curl",
                "curl_multi",
                "fetch",
                "get",
                "http",
                "post",
                "xmlhttprequest"
            ],
            "time": "2019-06-20T15:02:02+00:00"
        },
        {
            "name": "phpgt/http",
            "version": "v1.0.3",
            "source": {
                "type": "git",
                "url": "https://github.com/PhpGt/Http.git",
                "reference": "394ecdd2a2e2686a467cdf2f837c72105d68398f"
            },
            "dist": {
                "type": "zip",
                "url": "https://api.github.com/repos/PhpGt/Http/zipball/394ecdd2a2e2686a467cdf2f837c72105d68398f",
                "reference": "394ecdd2a2e2686a467cdf2f837c72105d68398f",
                "shasum": ""
            },
            "require": {
                "php": ">=7.2",
                "phpgt/cookie": "*",
                "phpgt/input": "*",
                "psr/http-message": "^1.0.1",
                "willdurand/negotiation": "^2.3"
            },
            "require-dev": {
                "phpunit/phpunit": "8.*"
            },
            "type": "library",
            "autoload": {
                "psr-4": {
                    "Gt\\Http\\": "./src"
                }
            },
            "notification-url": "https://packagist.org/downloads/",
            "license": [
                "MIT"
            ],
            "description": "PSR-7 HTTP message implementation.",
            "time": "2019-11-28T12:05:15+00:00"
        },
        {
            "name": "phpgt/input",
            "version": "v1.1.2",
            "source": {
                "type": "git",
                "url": "https://github.com/PhpGt/Input.git",
                "reference": "ae78931ffd5c4800f362db61bd86f8e545733e86"
            },
            "dist": {
                "type": "zip",
                "url": "https://api.github.com/repos/PhpGt/Input/zipball/ae78931ffd5c4800f362db61bd86f8e545733e86",
                "reference": "ae78931ffd5c4800f362db61bd86f8e545733e86",
                "shasum": ""
            },
            "require": {
                "phpgt/http": "*"
            },
            "require-dev": {
                "phpunit/phpunit": "8.*"
            },
            "type": "library",
            "autoload": {
                "psr-4": {
                    "Gt\\Input\\": "./src"
                }
            },
            "notification-url": "https://packagist.org/downloads/",
            "license": [
                "MIT"
            ],
            "description": "Encapsulated user input.",
            "time": "2019-11-29T11:22:35+00:00"
        },
        {
            "name": "psr/http-client",
            "version": "1.0.0",
            "source": {
                "type": "git",
                "url": "https://github.com/php-fig/http-client.git",
                "reference": "496a823ef742b632934724bf769560c2a5c7c44e"
            },
            "dist": {
                "type": "zip",
                "url": "https://api.github.com/repos/php-fig/http-client/zipball/496a823ef742b632934724bf769560c2a5c7c44e",
                "reference": "496a823ef742b632934724bf769560c2a5c7c44e",
                "shasum": ""
            },
            "require": {
                "php": "^7.0",
                "psr/http-message": "^1.0"
            },
            "type": "library",
            "extra": {
                "branch-alias": {
                    "dev-master": "1.0.x-dev"
                }
            },
            "autoload": {
                "psr-4": {
                    "Psr\\Http\\Client\\": "src/"
                }
            },
            "notification-url": "https://packagist.org/downloads/",
            "license": [
                "MIT"
            ],
            "authors": [
                {
                    "name": "PHP-FIG",
                    "homepage": "http://www.php-fig.org/"
                }
            ],
            "description": "Common interface for HTTP clients",
            "homepage": "https://github.com/php-fig/http-client",
            "keywords": [
                "http",
                "http-client",
                "psr",
                "psr-18"
            ],
            "time": "2018-10-30T23:29:13+00:00"
        },
        {
            "name": "psr/http-message",
            "version": "1.0.1",
            "source": {
                "type": "git",
                "url": "https://github.com/php-fig/http-message.git",
                "reference": "f6561bf28d520154e4b0ec72be95418abe6d9363"
            },
            "dist": {
                "type": "zip",
                "url": "https://api.github.com/repos/php-fig/http-message/zipball/f6561bf28d520154e4b0ec72be95418abe6d9363",
                "reference": "f6561bf28d520154e4b0ec72be95418abe6d9363",
                "shasum": ""
            },
            "require": {
                "php": ">=5.3.0"
            },
            "type": "library",
            "extra": {
                "branch-alias": {
                    "dev-master": "1.0.x-dev"
                }
            },
            "autoload": {
                "psr-4": {
                    "Psr\\Http\\Message\\": "src/"
                }
            },
            "notification-url": "https://packagist.org/downloads/",
            "license": [
                "MIT"
            ],
            "authors": [
                {
                    "name": "PHP-FIG",
                    "homepage": "http://www.php-fig.org/"
                }
            ],
            "description": "Common interface for HTTP messages",
            "homepage": "https://github.com/php-fig/http-message",
            "keywords": [
                "http",
                "http-message",
                "psr",
                "psr-7",
                "request",
                "response"
            ],
            "time": "2016-08-06T14:39:51+00:00"
        },
        {
            "name": "react/event-loop",
            "version": "v1.1.1",
            "source": {
                "type": "git",
                "url": "https://github.com/reactphp/event-loop.git",
                "reference": "6d24de090cd59cfc830263cfba965be77b563c13"
            },
            "dist": {
                "type": "zip",
                "url": "https://api.github.com/repos/reactphp/event-loop/zipball/6d24de090cd59cfc830263cfba965be77b563c13",
                "reference": "6d24de090cd59cfc830263cfba965be77b563c13",
                "shasum": ""
            },
            "require": {
                "php": ">=5.3.0"
            },
            "require-dev": {
                "phpunit/phpunit": "^7.0 || ^6.4 || ^5.7 || ^4.8.35"
            },
            "suggest": {
                "ext-event": "~1.0 for ExtEventLoop",
                "ext-pcntl": "For signal handling support when using the StreamSelectLoop",
                "ext-uv": "* for ExtUvLoop"
            },
            "type": "library",
            "autoload": {
                "psr-4": {
                    "React\\EventLoop\\": "src"
                }
            },
            "notification-url": "https://packagist.org/downloads/",
            "license": [
                "MIT"
            ],
            "description": "ReactPHP's core reactor event loop that libraries can use for evented I/O.",
            "keywords": [
                "asynchronous",
                "event-loop"
            ],
            "time": "2020-01-01T18:39:52+00:00"
        },
        {
            "name": "react/promise",
            "version": "v2.7.1",
            "source": {
                "type": "git",
                "url": "https://github.com/reactphp/promise.git",
                "reference": "31ffa96f8d2ed0341a57848cbb84d88b89dd664d"
            },
            "dist": {
                "type": "zip",
                "url": "https://api.github.com/repos/reactphp/promise/zipball/31ffa96f8d2ed0341a57848cbb84d88b89dd664d",
                "reference": "31ffa96f8d2ed0341a57848cbb84d88b89dd664d",
                "shasum": ""
            },
            "require": {
                "php": ">=5.4.0"
            },
            "require-dev": {
                "phpunit/phpunit": "~4.8"
            },
            "type": "library",
            "autoload": {
                "psr-4": {
                    "React\\Promise\\": "src/"
                },
                "files": [
                    "src/functions_include.php"
                ]
            },
            "notification-url": "https://packagist.org/downloads/",
            "license": [
                "MIT"
            ],
            "authors": [
                {
                    "name": "Jan Sorgalla",
                    "email": "jsorgalla@gmail.com"
                }
            ],
            "description": "A lightweight implementation of CommonJS Promises/A for PHP",
            "keywords": [
                "promise",
                "promises"
            ],
            "time": "2019-01-07T21:25:54+00:00"
        },
        {
            "name": "willdurand/negotiation",
            "version": "v2.3.1",
            "source": {
                "type": "git",
                "url": "https://github.com/willdurand/Negotiation.git",
                "reference": "03436ededa67c6e83b9b12defac15384cb399dc9"
            },
            "dist": {
                "type": "zip",
                "url": "https://api.github.com/repos/willdurand/Negotiation/zipball/03436ededa67c6e83b9b12defac15384cb399dc9",
                "reference": "03436ededa67c6e83b9b12defac15384cb399dc9",
                "shasum": ""
            },
            "require": {
                "php": ">=5.4.0"
            },
            "require-dev": {
                "phpunit/phpunit": "~4.5"
            },
            "type": "library",
            "extra": {
                "branch-alias": {
                    "dev-master": "2.3-dev"
                }
            },
            "autoload": {
                "psr-4": {
                    "Negotiation\\": "src/Negotiation"
                }
            },
            "notification-url": "https://packagist.org/downloads/",
            "license": [
                "MIT"
            ],
            "authors": [
                {
                    "name": "William Durand",
                    "email": "will+git@drnd.me"
                }
            ],
            "description": "Content Negotiation tools for PHP provided as a standalone library.",
            "homepage": "http://williamdurand.fr/Negotiation/",
            "keywords": [
                "accept",
                "content",
                "format",
                "header",
                "negotiation"
            ],
            "time": "2017-05-14T17:21:12+00:00"
        }
    ],
    "packages-dev": [],
    "aliases": [],
    "minimum-stability": "stable",
    "stability-flags": [],
    "prefer-stable": false,
    "prefer-lowest": false,
    "platform": {
        "php": ">=7.2"
    },
    "platform-dev": []
}
